
Microsoft Visual Studio Solution File, Format Version 12.00
# Visual Studio Version 17
VisualStudioVersion = 17.1.32421.90
MinimumVisualStudioVersion = 10.0.40219.1
Project("{FAE04EC0-301F-11D3-BF4B-00C04F79EFBC}") = "Signal Localization v1.0", "Signal Localization v1.0.csproj", "{A09E5200-86C0-49FB-8F1C-8035E6867483}"
EndProject
Global
	GlobalSection(SolutionConfigurationPlatforms) = preSolution
		Debug|Any CPU = Debug|Any CPU
		Release|Any CPU = Release|Any CPU
	EndGlobalSection
	GlobalSection(ProjectConfigurationPlatforms) = postSolution
		{A09E5200-86C0-49FB-8F1C-8035E6867483}.Debug|Any CPU.ActiveCfg = Debug|Any CPU
		{A09E5200-86C0-49FB-8F1C-8035E6867483}.Debug|Any CPU.Build.0 = Debug|Any CPU
		{A09E5200-86C0-49FB-8F1C-8035E6867483}.Release|Any CPU.ActiveCfg = Release|Any CPU
		{A09E5200-86C0-49FB-8F1C-8035E6867483}.Release|Any CPU.Build.0 = Release|Any CPU
	EndGlobalSection
	GlobalSection(SolutionProperties) = preSolution
		HideSolutionNode = FALSE
	EndGlobalSection
	GlobalSection(ExtensibilityGlobals) = postSolution
		SolutionGuid = {80A02023-9754-4FF5-B4A8-C68A4AEB38FF}
	EndGlobalSection
EndGlobal
